
Microsoft Visual Studio Solution File, Format Version 12.00
# Visual Studio Version 16
VisualStudioVersion = 16.0.31702.278
MinimumVisualStudioVersion = 10.0.40219.1
Project("{FAE04EC0-301F-11D3-BF4B-00C04F79EFBC}") = "Poligon3-9A2022", "Poligon3-9A2022.csproj", "{B2CD61C1-C02A-4C3B-BBEC-6F3A771606FB}"
EndProject
Global
	GlobalSection(SolutionConfigurationPlatforms) = preSolution
		Debug|Any CPU = Debug|Any CPU
		Release|Any CPU = Release|Any CPU
	EndGlobalSection
	GlobalSection(ProjectConfigurationPlatforms) = postSolution
		{B2CD61C1-C02A-4C3B-BBEC-6F3A771606FB}.Debug|Any CPU.ActiveCfg = Debug|Any CPU
		{B2CD61C1-C02A-4C3B-BBEC-6F3A771606FB}.Debug|Any CPU.Build.0 = Debug|Any CPU
		{B2CD61C1-C02A-4C3B-BBEC-6F3A771606FB}.Release|Any CPU.ActiveCfg = Release|Any CPU
		{B2CD61C1-C02A-4C3B-BBEC-6F3A771606FB}.Release|Any CPU.Build.0 = Release|Any CPU
	EndGlobalSection
	GlobalSection(SolutionProperties) = preSolution
		HideSolutionNode = FALSE
	EndGlobalSection
	GlobalSection(ExtensibilityGlobals) = postSolution
		SolutionGuid = {814DB91A-CB0D-4758-94BB-23F4D83DCD9C}
	EndGlobalSection
EndGlobal
